
Microsoft Visual Studio Solution File, Format Version 12.00
# Visual Studio Version 17
VisualStudioVersion = 17.0.32112.339
MinimumVisualStudioVersion = 10.0.40219.1
Project("{FAE04EC0-301F-11D3-BF4B-00C04F79EFBC}") = "IdleBreakoutBroken", "IdleBreakoutBroken.csproj", "{A4322118-3A1D-49DB-A12C-EB550BDCED69}"
EndProject
Global
	GlobalSection(SolutionConfigurationPlatforms) = preSolution
		Debug|Any CPU = Debug|Any CPU
		Release|Any CPU = Release|Any CPU
	EndGlobalSection
	GlobalSection(ProjectConfigurationPlatforms) = postSolution
		{A4322118-3A1D-49DB-A12C-EB550BDCED69}.Debug|Any CPU.ActiveCfg = Debug|Any CPU
		{A4322118-3A1D-49DB-A12C-EB550BDCED69}.Debug|Any CPU.Build.0 = Debug|Any CPU
		{A4322118-3A1D-49DB-A12C-EB550BDCED69}.Release|Any CPU.ActiveCfg = Release|Any CPU
		{A4322118-3A1D-49DB-A12C-EB550BDCED69}.Release|Any CPU.Build.0 = Release|Any CPU
	EndGlobalSection
	GlobalSection(SolutionProperties) = preSolution
		HideSolutionNode = FALSE
	EndGlobalSection
	GlobalSection(ExtensibilityGlobals) = postSolution
		SolutionGuid = {25BBF64F-109A-4003-A2DB-D9142DAE3645}
	EndGlobalSection
EndGlobal
